
Microsoft Visual Studio Solution File, Format Version 12.00
# Visual Studio Version 17
VisualStudioVersion = 17.7.34302.85
MinimumVisualStudioVersion = 10.0.40219.1
Project("{FAE04EC0-301F-11D3-BF4B-00C04F79EFBC}") = "HotelListingAPI", "HotelListingAPI\HotelListingAPI.csproj", "{72786856-0D66-47D1-8B9F-164D3523797E}"
EndProject
Global
	GlobalSection(SolutionConfigurationPlatforms) = preSolution
		Debug|Any CPU = Debug|Any CPU
		Release|Any CPU = Release|Any CPU
	EndGlobalSection
	GlobalSection(ProjectConfigurationPlatforms) = postSolution
		{72786856-0D66-47D1-8B9F-164D3523797E}.Debug|Any CPU.ActiveCfg = Debug|Any CPU
		{72786856-0D66-47D1-8B9F-164D3523797E}.Debug|Any CPU.Build.0 = Debug|Any CPU
		{72786856-0D66-47D1-8B9F-164D3523797E}.Release|Any CPU.ActiveCfg = Release|Any CPU
		{72786856-0D66-47D1-8B9F-164D3523797E}.Release|Any CPU.Build.0 = Release|Any CPU
	EndGlobalSection
	GlobalSection(SolutionProperties) = preSolution
		HideSolutionNode = FALSE
	EndGlobalSection
	GlobalSection(ExtensibilityGlobals) = postSolution
		SolutionGuid = {28E20BBF-2D28-4436-A163-CC88EA1285BC}
	EndGlobalSection
EndGlobal
